{
    "_readme": [
        "This file locks the dependencies of your project to a known state",
        "Read more about it at https://getcomposer.org/doc/01-basic-usage.md#composer-lock-the-lock-file",
        "This file is @generated automatically"
    ],
    "content-hash": "d337ac8331fa6c963307cebeb38a2ad0",
    "packages": [
        {
            "name": "mcorrigan/salesforce-rest-api-php-wrapper",
            "version": "1.0.3",
            "source": {
                "type": "git",
                "url": "https://github.com/mcorrigan/salesforce-rest-api-php-wrapper.git",
                "reference": "f8c7514c2e39b44677293c51ff47e3424c1801af"
            },
            "dist": {
                "type": "zip",
                "url": "https://api.github.com/repos/mcorrigan/salesforce-rest-api-php-wrapper/zipball/f8c7514c2e39b44677293c51ff47e3424c1801af",
                "reference": "f8c7514c2e39b44677293c51ff47e3424c1801af",
                "shasum": ""
            },
            "require": {
                "ext-curl": "*",
                "ext-json": "*",
                "php": ">=5.4"
            },
            "type": "library",
            "autoload": {
                "psr-4": {
                    "SalesforceRestAPI\\": "src/"
                }
            },
            "notification-url": "https://packagist.org/downloads/",
            "license": [
                "GNU-2.0"
            ],
            "description": "SalesForce REST API PHP Wrapper",
            "homepage": "https://github.com/mcorrigan/salesforce-rest-api-php-wrapper",
            "keywords": [
                "salesforce"
            ],
            "time": "2016-09-14T23:28:16+00:00"
        }
    ],
    "packages-dev": [],
    "aliases": [],
    "minimum-stability": "stable",
    "stability-flags": [],
    "prefer-stable": false,
    "prefer-lowest": false,
    "platform": [],
    "platform-dev": []
}
